
Microsoft Visual Studio Solution File, Format Version 12.00
# Visual Studio Version 17
VisualStudioVersion = 17.14.36221.1 d17.14
MinimumVisualStudioVersion = 10.0.40219.1
Project("{FAE04EC0-301F-11D3-BF4B-00C04F79EFBC}") = "Part1_ProceduralToOOP", "Part1_ProceduralToOOP.csproj", "{363D3E12-5128-400E-AC9E-D3213BDA8AA8}"
EndProject
Global
	GlobalSection(SolutionConfigurationPlatforms) = preSolution
		Debug|Any CPU = Debug|Any CPU
		Release|Any CPU = Release|Any CPU
	EndGlobalSection
	GlobalSection(ProjectConfigurationPlatforms) = postSolution
		{363D3E12-5128-400E-AC9E-D3213BDA8AA8}.Debug|Any CPU.ActiveCfg = Debug|Any CPU
		{363D3E12-5128-400E-AC9E-D3213BDA8AA8}.Debug|Any CPU.Build.0 = Debug|Any CPU
		{363D3E12-5128-400E-AC9E-D3213BDA8AA8}.Release|Any CPU.ActiveCfg = Release|Any CPU
		{363D3E12-5128-400E-AC9E-D3213BDA8AA8}.Release|Any CPU.Build.0 = Release|Any CPU
	EndGlobalSection
	GlobalSection(SolutionProperties) = preSolution
		HideSolutionNode = FALSE
	EndGlobalSection
	GlobalSection(ExtensibilityGlobals) = postSolution
		SolutionGuid = {32D7F827-48EE-48C0-A039-37367CD1E1C1}
	EndGlobalSection
EndGlobal
